
Microsoft Visual Studio Solution File, Format Version 12.00
# Visual Studio 15
VisualStudioVersion = 15.0.27130.2027
MinimumVisualStudioVersion = 10.0.40219.1
Project("{2150E333-8FDC-42A3-9474-1A3956D46DE8}") = "Domain", "Domain", "{E4760480-7A47-4560-949E-7BA8C2AA10EB}"
EndProject
Project("{2150E333-8FDC-42A3-9474-1A3956D46DE8}") = "ORM", "ORM", "{3E19644C-036F-4FB7-9DDF-68C02D97A0C9}"
EndProject
Project("{2150E333-8FDC-42A3-9474-1A3956D46DE8}") = "Config", "Config", "{C31548CD-0F56-48CD-A465-A56E285A9A33}"
EndProject
Project("{2150E333-8FDC-42A3-9474-1A3956D46DE8}") = "Entities", "Entities", "{AA86429A-79EE-4A0D-8404-5A0BF3902E74}"
EndProject
Project("{2150E333-8FDC-42A3-9474-1A3956D46DE8}") = "Enums", "Enums", "{345B5560-4D29-4E17-8BE1-090AE7D592E9}"
EndProject
Project("{2150E333-8FDC-42A3-9474-1A3956D46DE8}") = "Mappings", "Mappings", "{5BC63D05-1EB8-4E72-B7B1-8EC9CD7031C4}"
EndProject
Project("{2150E333-8FDC-42A3-9474-1A3956D46DE8}") = "Models", "Models", "{0B801DAF-FCB1-44AA-884F-2990E27D466A}"
EndProject
Project("{2150E333-8FDC-42A3-9474-1A3956D46DE8}") = "Services", "Services", "{D0727609-4CA7-4199-A1EE-1B461EB41B69}"
EndProject
Project("{FAE04EC0-301F-11D3-BF4B-00C04F79EFBC}") = "Domain.Config", "Domain\Config\Domain.Config\Domain.Config.csproj", "{F573C782-00DC-4DE8-BD50-3E6A32E97960}"
EndProject
Project("{FAE04EC0-301F-11D3-BF4B-00C04F79EFBC}") = "Domain.Entities.Core", "Domain\Entities\Domain.Entities.Core\Domain.Entities.Core.csproj", "{54F3AEAA-378D-4337-999C-BFD0F9AE5EC1}"
EndProject
Project("{FAE04EC0-301F-11D3-BF4B-00C04F79EFBC}") = "Domain.Entities.Core.Tests", "Domain\Entities\Domain.Entities.Core.Tests\Domain.Entities.Core.Tests.csproj", "{FB391D04-9A38-4F6B-A196-4B17301AFFF6}"
EndProject
Project("{FAE04EC0-301F-11D3-BF4B-00C04F79EFBC}") = "Domain.Entities.Business", "Domain\Entities\Domain.Entities.Business\Domain.Entities.Business.csproj", "{F31FB428-1A7A-40BB-B80E-19DBA852CE0D}"
EndProject
Project("{FAE04EC0-301F-11D3-BF4B-00C04F79EFBC}") = "Domain.Entities.Business.Tests", "Domain\Entities\Domain.Entities.Business.Tests\Domain.Entities.Business.Tests.csproj", "{C7724903-AF57-4DAB-9132-9F1960245BAB}"
EndProject
Project("{FAE04EC0-301F-11D3-BF4B-00C04F79EFBC}") = "Domain.Enums.Core", "Domain\Enums\Domain.Enums.Core\Domain.Enums.Core.csproj", "{825AE9D8-ED5D-45AD-BFC2-A6721F24A78A}"
EndProject
Project("{FAE04EC0-301F-11D3-BF4B-00C04F79EFBC}") = "Domain.Mappings.Core", "Domain\Mappings\Domain.Mappings.Core\Domain.Mappings.Core.csproj", "{3861D5F2-2ADF-491B-A16B-3DDBBDD70285}"
EndProject
Project("{FAE04EC0-301F-11D3-BF4B-00C04F79EFBC}") = "Domain.Mappings.Business", "Domain\Mappings\Domain.Mappings.Business\Domain.Mappings.Business.csproj", "{F9DBB56B-3AAB-4022-AA53-BD00AF5A61B9}"
EndProject
Project("{FAE04EC0-301F-11D3-BF4B-00C04F79EFBC}") = "Domain.Models.Core", "Domain\Models\Domain.Models.Core\Domain.Models.Core.csproj", "{CCB6CE9D-0303-4BA1-9580-DCDA0001A0D9}"
EndProject
Project("{FAE04EC0-301F-11D3-BF4B-00C04F79EFBC}") = "Domain.Models.Core.Tests", "Domain\Models\Domain.Models.Core.Tests\Domain.Models.Core.Tests.csproj", "{19A404B4-52C5-40DE-A4AA-D2CD1A09E80C}"
EndProject
Project("{FAE04EC0-301F-11D3-BF4B-00C04F79EFBC}") = "Domain.Models.Business", "Domain\Models\Domain.Models.Business\Domain.Models.Business.csproj", "{9949FB86-F0CE-4864-AED8-3A76E2846DB1}"
EndProject
Project("{FAE04EC0-301F-11D3-BF4B-00C04F79EFBC}") = "Domain.Models.Business.Tests", "Domain\Models\Domain.Models.Business.Tests\Domain.Models.Business.Tests.csproj", "{846A61C1-240F-438C-9736-E314D38807C2}"
EndProject
Project("{FAE04EC0-301F-11D3-BF4B-00C04F79EFBC}") = "Domain.Services.Core", "Domain\Services\Domain.Services.Core\Domain.Services.Core.csproj", "{4C4D1A97-5960-48C7-8D8F-FB2B0221E5A3}"
EndProject
Project("{FAE04EC0-301F-11D3-BF4B-00C04F79EFBC}") = "Domain.Services.Core.Tests", "Domain\Services\Domain.Services.Core.Tests\Domain.Services.Core.Tests.csproj", "{8ED6F465-B073-4333-AAE1-DD4F4433C472}"
EndProject
Project("{FAE04EC0-301F-11D3-BF4B-00C04F79EFBC}") = "Domain.Services.Business", "Domain\Services\Domain.Services.Business\Domain.Services.Business.csproj", "{07C1660F-B984-4399-A5BC-6C016806EBB2}"
EndProject
Project("{FAE04EC0-301F-11D3-BF4B-00C04F79EFBC}") = "Domain.Services.Business.Tests", "Domain\Services\Domain.Services.Business.Tests\Domain.Services.Business.Tests.csproj", "{EEDD2B79-3889-42FE-B30C-12C1B41E88CD}"
EndProject
Project("{FAE04EC0-301F-11D3-BF4B-00C04F79EFBC}") = "ORM.EF", "ORM\ORM.EF\ORM.EF.csproj", "{CE6E2BED-9EB1-4492-8714-58DB37D5525C}"
EndProject
Project("{FAE04EC0-301F-11D3-BF4B-00C04F79EFBC}") = "ORM.EF.Tests", "ORM\ORM.EF.Tests\ORM.EF.Tests.csproj", "{A3F401DF-38DC-47B4-B135-732A406BAE41}"
EndProject
Project("{FAE04EC0-301F-11D3-BF4B-00C04F79EFBC}") = "ApplicationFramework", "ApplicationFramework\ApplicationFramework.csproj", "{8695050C-A8BC-4E55-8190-9BB01346B47C}"
EndProject
Project("{2150E333-8FDC-42A3-9474-1A3956D46DE8}") = "Actions", "Actions", "{F26151A2-B651-4753-BECA-314442F465F2}"
EndProject
Project("{FAE04EC0-301F-11D3-BF4B-00C04F79EFBC}") = "Domain.Actions.Core", "Domain.Actions.Core\Domain.Actions.Core.csproj", "{C4D3EA00-351C-413C-96B6-7E4F8602D43C}"
EndProject
Project("{FAE04EC0-301F-11D3-BF4B-00C04F79EFBC}") = "Domain.Actions.Core.Tests", "Domain.Actions.Core.Tests\Domain.Actions.Core.Tests.csproj", "{EEC77697-F1AC-4436-873D-EB97D0CDF822}"
EndProject
Project("{FAE04EC0-301F-11D3-BF4B-00C04F79EFBC}") = "Domain.Actions.Business", "Domain.Actions.Business\Domain.Actions.Business.csproj", "{757D0155-3130-4F3A-AC01-9BF93EA7D2F0}"
EndProject
Project("{FAE04EC0-301F-11D3-BF4B-00C04F79EFBC}") = "Domain.Actions.Business.Tests", "Domain.Actions.Business.Tests\Domain.Actions.Business.Tests.csproj", "{753AAB4D-3623-451C-8E9F-108D984B118A}"
EndProject
Project("{2150E333-8FDC-42A3-9474-1A3956D46DE8}") = "Documentation", "Documentation", "{DF6A4FD0-836C-406E-B363-155B09100E2A}"
	ProjectSection(SolutionItems) = preProject
		Domain\Documentation\1 - Architecture Overview.pdf = Domain\Documentation\1 - Architecture Overview.pdf
		Domain\Documentation\2 - Core Module Dependency.pdf = Domain\Documentation\2 - Core Module Dependency.pdf
		Domain\Documentation\3 - Other Modules.pdf = Domain\Documentation\3 - Other Modules.pdf
	EndProjectSection
EndProject
Project("{FAE04EC0-301F-11D3-BF4B-00C04F79EFBC}") = "Domain.ViewModels", "Domain.ViewModels\Domain.ViewModels.csproj", "{836BF4C2-4630-4CF0-80A1-C7C333038527}"
EndProject
Project("{FAE04EC0-301F-11D3-BF4B-00C04F79EFBC}") = "ApplicationAPI", "ApplicationAPI\ApplicationAPI.csproj", "{B4B3810C-6BDB-428A-8F56-C1A9949836A4}"
EndProject
Global
	GlobalSection(SolutionConfigurationPlatforms) = preSolution
		Debug|Any CPU = Debug|Any CPU
		Release|Any CPU = Release|Any CPU
	EndGlobalSection
	GlobalSection(ProjectConfigurationPlatforms) = postSolution
		{F573C782-00DC-4DE8-BD50-3E6A32E97960}.Debug|Any CPU.ActiveCfg = Debug|Any CPU
		{F573C782-00DC-4DE8-BD50-3E6A32E97960}.Debug|Any CPU.Build.0 = Debug|Any CPU
		{F573C782-00DC-4DE8-BD50-3E6A32E97960}.Release|Any CPU.ActiveCfg = Release|Any CPU
		{F573C782-00DC-4DE8-BD50-3E6A32E97960}.Release|Any CPU.Build.0 = Release|Any CPU
		{54F3AEAA-378D-4337-999C-BFD0F9AE5EC1}.Debug|Any CPU.ActiveCfg = Debug|Any CPU
		{54F3AEAA-378D-4337-999C-BFD0F9AE5EC1}.Debug|Any CPU.Build.0 = Debug|Any CPU
		{54F3AEAA-378D-4337-999C-BFD0F9AE5EC1}.Release|Any CPU.ActiveCfg = Release|Any CPU
		{54F3AEAA-378D-4337-999C-BFD0F9AE5EC1}.Release|Any CPU.Build.0 = Release|Any CPU
		{FB391D04-9A38-4F6B-A196-4B17301AFFF6}.Debug|Any CPU.ActiveCfg = Debug|Any CPU
		{FB391D04-9A38-4F6B-A196-4B17301AFFF6}.Debug|Any CPU.Build.0 = Debug|Any CPU
		{FB391D04-9A38-4F6B-A196-4B17301AFFF6}.Release|Any CPU.ActiveCfg = Release|Any CPU
		{FB391D04-9A38-4F6B-A196-4B17301AFFF6}.Release|Any CPU.Build.0 = Release|Any CPU
		{F31FB428-1A7A-40BB-B80E-19DBA852CE0D}.Debug|Any CPU.ActiveCfg = Debug|Any CPU
		{F31FB428-1A7A-40BB-B80E-19DBA852CE0D}.Debug|Any CPU.Build.0 = Debug|Any CPU
		{F31FB428-1A7A-40BB-B80E-19DBA852CE0D}.Release|Any CPU.ActiveCfg = Release|Any CPU
		{F31FB428-1A7A-40BB-B80E-19DBA852CE0D}.Release|Any CPU.Build.0 = Release|Any CPU
		{C7724903-AF57-4DAB-9132-9F1960245BAB}.Debug|Any CPU.ActiveCfg = Debug|Any CPU
		{C7724903-AF57-4DAB-9132-9F1960245BAB}.Debug|Any CPU.Build.0 = Debug|Any CPU
		{C7724903-AF57-4DAB-9132-9F1960245BAB}.Release|Any CPU.ActiveCfg = Release|Any CPU
		{C7724903-AF57-4DAB-9132-9F1960245BAB}.Release|Any CPU.Build.0 = Release|Any CPU
		{825AE9D8-ED5D-45AD-BFC2-A6721F24A78A}.Debug|Any CPU.ActiveCfg = Debug|Any CPU
		{825AE9D8-ED5D-45AD-BFC2-A6721F24A78A}.Debug|Any CPU.Build.0 = Debug|Any CPU
		{825AE9D8-ED5D-45AD-BFC2-A6721F24A78A}.Release|Any CPU.ActiveCfg = Release|Any CPU
		{825AE9D8-ED5D-45AD-BFC2-A6721F24A78A}.Release|Any CPU.Build.0 = Release|Any CPU
		{3861D5F2-2ADF-491B-A16B-3DDBBDD70285}.Debug|Any CPU.ActiveCfg = Debug|Any CPU
		{3861D5F2-2ADF-491B-A16B-3DDBBDD70285}.Debug|Any CPU.Build.0 = Debug|Any CPU
		{3861D5F2-2ADF-491B-A16B-3DDBBDD70285}.Release|Any CPU.ActiveCfg = Release|Any CPU
		{3861D5F2-2ADF-491B-A16B-3DDBBDD70285}.Release|Any CPU.Build.0 = Release|Any CPU
		{F9DBB56B-3AAB-4022-AA53-BD00AF5A61B9}.Debug|Any CPU.ActiveCfg = Debug|Any CPU
		{F9DBB56B-3AAB-4022-AA53-BD00AF5A61B9}.Debug|Any CPU.Build.0 = Debug|Any CPU
		{F9DBB56B-3AAB-4022-AA53-BD00AF5A61B9}.Release|Any CPU.ActiveCfg = Release|Any CPU
		{F9DBB56B-3AAB-4022-AA53-BD00AF5A61B9}.Release|Any CPU.Build.0 = Release|Any CPU
		{CCB6CE9D-0303-4BA1-9580-DCDA0001A0D9}.Debug|Any CPU.ActiveCfg = Debug|Any CPU
		{CCB6CE9D-0303-4BA1-9580-DCDA0001A0D9}.Debug|Any CPU.Build.0 = Debug|Any CPU
		{CCB6CE9D-0303-4BA1-9580-DCDA0001A0D9}.Release|Any CPU.ActiveCfg = Release|Any CPU
		{CCB6CE9D-0303-4BA1-9580-DCDA0001A0D9}.Release|Any CPU.Build.0 = Release|Any CPU
		{19A404B4-52C5-40DE-A4AA-D2CD1A09E80C}.Debug|Any CPU.ActiveCfg = Debug|Any CPU
		{19A404B4-52C5-40DE-A4AA-D2CD1A09E80C}.Debug|Any CPU.Build.0 = Debug|Any CPU
		{19A404B4-52C5-40DE-A4AA-D2CD1A09E80C}.Release|Any CPU.ActiveCfg = Release|Any CPU
		{19A404B4-52C5-40DE-A4AA-D2CD1A09E80C}.Release|Any CPU.Build.0 = Release|Any CPU
		{9949FB86-F0CE-4864-AED8-3A76E2846DB1}.Debug|Any CPU.ActiveCfg = Debug|Any CPU
		{9949FB86-F0CE-4864-AED8-3A76E2846DB1}.Debug|Any CPU.Build.0 = Debug|Any CPU
		{9949FB86-F0CE-4864-AED8-3A76E2846DB1}.Release|Any CPU.ActiveCfg = Release|Any CPU
		{9949FB86-F0CE-4864-AED8-3A76E2846DB1}.Release|Any CPU.Build.0 = Release|Any CPU
		{846A61C1-240F-438C-9736-E314D38807C2}.Debug|Any CPU.ActiveCfg = Debug|Any CPU
		{846A61C1-240F-438C-9736-E314D38807C2}.Debug|Any CPU.Build.0 = Debug|Any CPU
		{846A61C1-240F-438C-9736-E314D38807C2}.Release|Any CPU.ActiveCfg = Release|Any CPU
		{846A61C1-240F-438C-9736-E314D38807C2}.Release|Any CPU.Build.0 = Release|Any CPU
		{4C4D1A97-5960-48C7-8D8F-FB2B0221E5A3}.Debug|Any CPU.ActiveCfg = Debug|Any CPU
		{4C4D1A97-5960-48C7-8D8F-FB2B0221E5A3}.Debug|Any CPU.Build.0 = Debug|Any CPU
		{4C4D1A97-5960-48C7-8D8F-FB2B0221E5A3}.Release|Any CPU.ActiveCfg = Release|Any CPU
		{4C4D1A97-5960-48C7-8D8F-FB2B0221E5A3}.Release|Any CPU.Build.0 = Release|Any CPU
		{8ED6F465-B073-4333-AAE1-DD4F4433C472}.Debug|Any CPU.ActiveCfg = Debug|Any CPU
		{8ED6F465-B073-4333-AAE1-DD4F4433C472}.Debug|Any CPU.Build.0 = Debug|Any CPU
		{8ED6F465-B073-4333-AAE1-DD4F4433C472}.Release|Any CPU.ActiveCfg = Release|Any CPU
		{8ED6F465-B073-4333-AAE1-DD4F4433C472}.Release|Any CPU.Build.0 = Release|Any CPU
		{07C1660F-B984-4399-A5BC-6C016806EBB2}.Debug|Any CPU.ActiveCfg = Debug|Any CPU
		{07C1660F-B984-4399-A5BC-6C016806EBB2}.Debug|Any CPU.Build.0 = Debug|Any CPU
		{07C1660F-B984-4399-A5BC-6C016806EBB2}.Release|Any CPU.ActiveCfg = Release|Any CPU
		{07C1660F-B984-4399-A5BC-6C016806EBB2}.Release|Any CPU.Build.0 = Release|Any CPU
		{EEDD2B79-3889-42FE-B30C-12C1B41E88CD}.Debug|Any CPU.ActiveCfg = Debug|Any CPU
		{EEDD2B79-3889-42FE-B30C-12C1B41E88CD}.Debug|Any CPU.Build.0 = Debug|Any CPU
		{EEDD2B79-3889-42FE-B30C-12C1B41E88CD}.Release|Any CPU.ActiveCfg = Release|Any CPU
		{EEDD2B79-3889-42FE-B30C-12C1B41E88CD}.Release|Any CPU.Build.0 = Release|Any CPU
		{CE6E2BED-9EB1-4492-8714-58DB37D5525C}.Debug|Any CPU.ActiveCfg = Debug|Any CPU
		{CE6E2BED-9EB1-4492-8714-58DB37D5525C}.Debug|Any CPU.Build.0 = Debug|Any CPU
		{CE6E2BED-9EB1-4492-8714-58DB37D5525C}.Release|Any CPU.ActiveCfg = Release|Any CPU
		{CE6E2BED-9EB1-4492-8714-58DB37D5525C}.Release|Any CPU.Build.0 = Release|Any CPU
		{A3F401DF-38DC-47B4-B135-732A406BAE41}.Debug|Any CPU.ActiveCfg = Debug|Any CPU
		{A3F401DF-38DC-47B4-B135-732A406BAE41}.Debug|Any CPU.Build.0 = Debug|Any CPU
		{A3F401DF-38DC-47B4-B135-732A406BAE41}.Release|Any CPU.ActiveCfg = Release|Any CPU
		{A3F401DF-38DC-47B4-B135-732A406BAE41}.Release|Any CPU.Build.0 = Release|Any CPU
		{8695050C-A8BC-4E55-8190-9BB01346B47C}.Debug|Any CPU.ActiveCfg = Debug|Any CPU
		{8695050C-A8BC-4E55-8190-9BB01346B47C}.Debug|Any CPU.Build.0 = Debug|Any CPU
		{8695050C-A8BC-4E55-8190-9BB01346B47C}.Release|Any CPU.ActiveCfg = Release|Any CPU
		{8695050C-A8BC-4E55-8190-9BB01346B47C}.Release|Any CPU.Build.0 = Release|Any CPU
		{C4D3EA00-351C-413C-96B6-7E4F8602D43C}.Debug|Any CPU.ActiveCfg = Debug|Any CPU
		{C4D3EA00-351C-413C-96B6-7E4F8602D43C}.Debug|Any CPU.Build.0 = Debug|Any CPU
		{C4D3EA00-351C-413C-96B6-7E4F8602D43C}.Release|Any CPU.ActiveCfg = Release|Any CPU
		{C4D3EA00-351C-413C-96B6-7E4F8602D43C}.Release|Any CPU.Build.0 = Release|Any CPU
		{EEC77697-F1AC-4436-873D-EB97D0CDF822}.Debug|Any CPU.ActiveCfg = Debug|Any CPU
		{EEC77697-F1AC-4436-873D-EB97D0CDF822}.Debug|Any CPU.Build.0 = Debug|Any CPU
		{EEC77697-F1AC-4436-873D-EB97D0CDF822}.Release|Any CPU.ActiveCfg = Release|Any CPU
		{EEC77697-F1AC-4436-873D-EB97D0CDF822}.Release|Any CPU.Build.0 = Release|Any CPU
		{757D0155-3130-4F3A-AC01-9BF93EA7D2F0}.Debug|Any CPU.ActiveCfg = Debug|Any CPU
		{757D0155-3130-4F3A-AC01-9BF93EA7D2F0}.Debug|Any CPU.Build.0 = Debug|Any CPU
		{757D0155-3130-4F3A-AC01-9BF93EA7D2F0}.Release|Any CPU.ActiveCfg = Release|Any CPU
		{757D0155-3130-4F3A-AC01-9BF93EA7D2F0}.Release|Any CPU.Build.0 = Release|Any CPU
		{753AAB4D-3623-451C-8E9F-108D984B118A}.Debug|Any CPU.ActiveCfg = Debug|Any CPU
		{753AAB4D-3623-451C-8E9F-108D984B118A}.Debug|Any CPU.Build.0 = Debug|Any CPU
		{753AAB4D-3623-451C-8E9F-108D984B118A}.Release|Any CPU.ActiveCfg = Release|Any CPU
		{753AAB4D-3623-451C-8E9F-108D984B118A}.Release|Any CPU.Build.0 = Release|Any CPU
		{836BF4C2-4630-4CF0-80A1-C7C333038527}.Debug|Any CPU.ActiveCfg = Debug|Any CPU
		{836BF4C2-4630-4CF0-80A1-C7C333038527}.Debug|Any CPU.Build.0 = Debug|Any CPU
		{836BF4C2-4630-4CF0-80A1-C7C333038527}.Release|Any CPU.ActiveCfg = Release|Any CPU
		{836BF4C2-4630-4CF0-80A1-C7C333038527}.Release|Any CPU.Build.0 = Release|Any CPU
		{B4B3810C-6BDB-428A-8F56-C1A9949836A4}.Debug|Any CPU.ActiveCfg = Debug|Any CPU
		{B4B3810C-6BDB-428A-8F56-C1A9949836A4}.Debug|Any CPU.Build.0 = Debug|Any CPU
		{B4B3810C-6BDB-428A-8F56-C1A9949836A4}.Release|Any CPU.ActiveCfg = Release|Any CPU
		{B4B3810C-6BDB-428A-8F56-C1A9949836A4}.Release|Any CPU.Build.0 = Release|Any CPU
	EndGlobalSection
	GlobalSection(SolutionProperties) = preSolution
		HideSolutionNode = FALSE
	EndGlobalSection
	GlobalSection(NestedProjects) = preSolution
		{C31548CD-0F56-48CD-A465-A56E285A9A33} = {E4760480-7A47-4560-949E-7BA8C2AA10EB}
		{AA86429A-79EE-4A0D-8404-5A0BF3902E74} = {E4760480-7A47-4560-949E-7BA8C2AA10EB}
		{345B5560-4D29-4E17-8BE1-090AE7D592E9} = {E4760480-7A47-4560-949E-7BA8C2AA10EB}
		{5BC63D05-1EB8-4E72-B7B1-8EC9CD7031C4} = {E4760480-7A47-4560-949E-7BA8C2AA10EB}
		{0B801DAF-FCB1-44AA-884F-2990E27D466A} = {E4760480-7A47-4560-949E-7BA8C2AA10EB}
		{D0727609-4CA7-4199-A1EE-1B461EB41B69} = {E4760480-7A47-4560-949E-7BA8C2AA10EB}
		{F573C782-00DC-4DE8-BD50-3E6A32E97960} = {C31548CD-0F56-48CD-A465-A56E285A9A33}
		{54F3AEAA-378D-4337-999C-BFD0F9AE5EC1} = {AA86429A-79EE-4A0D-8404-5A0BF3902E74}
		{FB391D04-9A38-4F6B-A196-4B17301AFFF6} = {AA86429A-79EE-4A0D-8404-5A0BF3902E74}
		{F31FB428-1A7A-40BB-B80E-19DBA852CE0D} = {AA86429A-79EE-4A0D-8404-5A0BF3902E74}
		{C7724903-AF57-4DAB-9132-9F1960245BAB} = {AA86429A-79EE-4A0D-8404-5A0BF3902E74}
		{825AE9D8-ED5D-45AD-BFC2-A6721F24A78A} = {345B5560-4D29-4E17-8BE1-090AE7D592E9}
		{3861D5F2-2ADF-491B-A16B-3DDBBDD70285} = {5BC63D05-1EB8-4E72-B7B1-8EC9CD7031C4}
		{F9DBB56B-3AAB-4022-AA53-BD00AF5A61B9} = {5BC63D05-1EB8-4E72-B7B1-8EC9CD7031C4}
		{CCB6CE9D-0303-4BA1-9580-DCDA0001A0D9} = {0B801DAF-FCB1-44AA-884F-2990E27D466A}
		{19A404B4-52C5-40DE-A4AA-D2CD1A09E80C} = {0B801DAF-FCB1-44AA-884F-2990E27D466A}
		{9949FB86-F0CE-4864-AED8-3A76E2846DB1} = {0B801DAF-FCB1-44AA-884F-2990E27D466A}
		{846A61C1-240F-438C-9736-E314D38807C2} = {0B801DAF-FCB1-44AA-884F-2990E27D466A}
		{4C4D1A97-5960-48C7-8D8F-FB2B0221E5A3} = {D0727609-4CA7-4199-A1EE-1B461EB41B69}
		{8ED6F465-B073-4333-AAE1-DD4F4433C472} = {D0727609-4CA7-4199-A1EE-1B461EB41B69}
		{07C1660F-B984-4399-A5BC-6C016806EBB2} = {D0727609-4CA7-4199-A1EE-1B461EB41B69}
		{EEDD2B79-3889-42FE-B30C-12C1B41E88CD} = {D0727609-4CA7-4199-A1EE-1B461EB41B69}
		{CE6E2BED-9EB1-4492-8714-58DB37D5525C} = {3E19644C-036F-4FB7-9DDF-68C02D97A0C9}
		{A3F401DF-38DC-47B4-B135-732A406BAE41} = {3E19644C-036F-4FB7-9DDF-68C02D97A0C9}
		{F26151A2-B651-4753-BECA-314442F465F2} = {E4760480-7A47-4560-949E-7BA8C2AA10EB}
		{C4D3EA00-351C-413C-96B6-7E4F8602D43C} = {F26151A2-B651-4753-BECA-314442F465F2}
		{EEC77697-F1AC-4436-873D-EB97D0CDF822} = {F26151A2-B651-4753-BECA-314442F465F2}
		{757D0155-3130-4F3A-AC01-9BF93EA7D2F0} = {F26151A2-B651-4753-BECA-314442F465F2}
		{753AAB4D-3623-451C-8E9F-108D984B118A} = {F26151A2-B651-4753-BECA-314442F465F2}
		{DF6A4FD0-836C-406E-B363-155B09100E2A} = {E4760480-7A47-4560-949E-7BA8C2AA10EB}
		{836BF4C2-4630-4CF0-80A1-C7C333038527} = {F26151A2-B651-4753-BECA-314442F465F2}
	EndGlobalSection
	GlobalSection(ExtensibilityGlobals) = postSolution
		SolutionGuid = {F33D8460-2F56-482E-A06E-BA3C5AAB2898}
	EndGlobalSection
EndGlobal
